
Microsoft Visual Studio Solution File, Format Version 12.00
# Visual Studio Version 17
VisualStudioVersion = 17.14.36414.22 d17.14
MinimumVisualStudioVersion = 10.0.40219.1
Project("{FAE04EC0-301F-11D3-BF4B-00C04F79EFBC}") = "Car", "Car\Car.csproj", "{2A9874E9-66EF-4EC3-AA5F-CE4E9D9C2D5D}"
EndProject
Global
	GlobalSection(SolutionConfigurationPlatforms) = preSolution
		Debug|Any CPU = Debug|Any CPU
		Release|Any CPU = Release|Any CPU
	EndGlobalSection
	GlobalSection(ProjectConfigurationPlatforms) = postSolution
		{2A9874E9-66EF-4EC3-AA5F-CE4E9D9C2D5D}.Debug|Any CPU.ActiveCfg = Debug|Any CPU
		{2A9874E9-66EF-4EC3-AA5F-CE4E9D9C2D5D}.Debug|Any CPU.Build.0 = Debug|Any CPU
		{2A9874E9-66EF-4EC3-AA5F-CE4E9D9C2D5D}.Release|Any CPU.ActiveCfg = Release|Any CPU
		{2A9874E9-66EF-4EC3-AA5F-CE4E9D9C2D5D}.Release|Any CPU.Build.0 = Release|Any CPU
	EndGlobalSection
	GlobalSection(SolutionProperties) = preSolution
		HideSolutionNode = FALSE
	EndGlobalSection
	GlobalSection(ExtensibilityGlobals) = postSolution
		SolutionGuid = {0CDECBED-C861-402B-8369-0093060AF8A1}
	EndGlobalSection
EndGlobal
